// !$*UTF8*$!
{
	archiveVersion = 1;
	classes = {
	};
	objectVersion = 50;
	objects = {

/* Begin PBXBuildFile section */
		4212102A2446D59E00ABBF80 /* AppDelegate.swift in Sources */ = {isa = PBXBuildFile; fileRef = 421210292446D59E00ABBF80 /* AppDelegate.swift */; };
		4212102C2446D59E00ABBF80 /* SceneDelegate.swift in Sources */ = {isa = PBXBuildFile; fileRef = 4212102B2446D59E00ABBF80 /* SceneDelegate.swift */; };
		4212102E2446D59E00ABBF80 /* ViewController.swift in Sources */ = {isa = PBXBuildFile; fileRef = 4212102D2446D59E00ABBF80 /* ViewController.swift */; };
		421210312446D59E00ABBF80 /* Main.storyboard in Resources */ = {isa = PBXBuildFile; fileRef = 4212102F2446D59E00ABBF80 /* Main.storyboard */; };
		421210332446D59E00ABBF80 /* Assets.xcassets in Resources */ = {isa = PBXBuildFile; fileRef = 421210322446D59E00ABBF80 /* Assets.xcassets */; };
		421210362446D59E00ABBF80 /* LaunchScreen.storyboard in Resources */ = {isa = PBXBuildFile; fileRef = 421210342446D59E00ABBF80 /* LaunchScreen.storyboard */; };
		421210412446D59E00ABBF80 /* flixTests.swift in Sources */ = {isa = PBXBuildFile; fileRef = 421210402446D59E00ABBF80 /* flixTests.swift */; };
		4212104C2446D59F00ABBF80 /* flixUITests.swift in Sources */ = {isa = PBXBuildFile; fileRef = 4212104B2446D59F00ABBF80 /* flixUITests.swift */; };
/* End PBXBuildFile section */

/* Begin PBXContainerItemProxy section */
		4212103D2446D59E00ABBF80 /* PBXContainerItemProxy */ = {
			isa = PBXContainerItemProxy;
			containerPortal = 4212101E2446D59E00ABBF80 /* Project object */;
			proxyType = 1;
			remoteGlobalIDString = 421210252446D59E00ABBF80;
			remoteInfo = flix;
		};
		421210482446D59F00ABBF80 /* PBXContainerItemProxy */ = {
			isa = PBXContainerItemProxy;
			containerPortal = 4212101E2446D59E00ABBF80 /* Project object */;
			proxyType = 1;
			remoteGlobalIDString = 421210252446D59E00ABBF80;
			remoteInfo = flix;
		};
/* End PBXContainerItemProxy section */

/* Begin PBXFileReference section */
		421210262446D59E00ABBF80 /* flix.app */ = {isa = PBXFileReference; explicitFileType = wrapper.application; includeInIndex = 0; path = flix.app; sourceTree = BUILT_PRODUCTS_DIR; };
		421210292446D59E00ABBF80 /* AppDelegate.swift */ = {isa = PBXFileReference; lastKnownFileType = sourcecode.swift; path = AppDelegate.swift; sourceTree = "<group>"; };
		4212102B2446D59E00ABBF80 /* SceneDelegate.swift */ = {isa = PBXFileReference; lastKnownFileType = sourcecode.swift; path = SceneDelegate.swift; sourceTree = "<group>"; };
		4212102D2446D59E00ABBF80 /* ViewController.swift */ = {isa = PBXFileReference; lastKnownFileType = sourcecode.swift; path = ViewController.swift; sourceTree = "<group>"; };
		421210302446D59E00ABBF80 /* Base */ = {isa = PBXFileReference; lastKnownFileType = file.storyboard; name = Base; path = Base.lproj/Main.storyboard; sourceTree = "<group>"; };
		421210322446D59E00ABBF80 /* Assets.xcassets */ = {isa = PBXFileReference; lastKnownFileType = folder.assetcatalog; path = Assets.xcassets; sourceTree = "<group>"; };
		421210352446D59E00ABBF80 /* Base */ = {isa = PBXFileReference; lastKnownFileType = file.storyboard; name = Base; path = Base.lproj/LaunchScreen.storyboard; sourceTree = "<group>"; };
		421210372446D59E00ABBF80 /* Info.plist */ = {isa = PBXFileReference; lastKnownFileType = text.plist.xml; path = Info.plist; sourceTree = "<group>"; };
		4212103C2446D59E00ABBF80 /* flixTests.xctest */ = {isa = PBXFileReference; explicitFileType = wrapper.cfbundle; includeInIndex = 0; path = flixTests.xctest; sourceTree = BUILT_PRODUCTS_DIR; };
		421210402446D59E00ABBF80 /* flixTests.swift */ = {isa = PBXFileReference; lastKnownFileType = sourcecode.swift; path = flixTests.swift; sourceTree = "<group>"; };
		421210422446D59F00ABBF80 /* Info.plist */ = {isa = PBXFileReference; lastKnownFileType = text.plist.xml; path = Info.plist; sourceTree = "<group>"; };
		421210472446D59F00ABBF80 /* flixUITests.xctest */ = {isa = PBXFileReference; explicitFileType = wrapper.cfbundle; includeInIndex = 0; path = flixUITests.xctest; sourceTree = BUILT_PRODUCTS_DIR; };
		4212104B2446D59F00ABBF80 /* flixUITests.swift */ = {isa = PBXFileReference; lastKnownFileType = sourcecode.swift; path = flixUITests.swift; sourceTree = "<group>"; };
		4212104D2446D59F00ABBF80 /* Info.plist */ = {isa = PBXFileReference; lastKnownFileType = text.plist.xml; path = Info.plist; sourceTree = "<group>"; };
/* End PBXFileReference section */

/* Begin PBXFrameworksBuildPhase section */
		421210232446D59E00ABBF80 /* Frameworks */ = {
			isa = PBXFrameworksBuildPhase;
			buildActionMask = 2147483647;
			files = (
			);
			runOnlyForDeploymentPostprocessing = 0;
		};
		421210392446D59E00ABBF80 /* Frameworks */ = {
			isa = PBXFrameworksBuildPhase;
			buildActionMask = 2147483647;
			files = (
			);
			runOnlyForDeploymentPostprocessing = 0;
		};
		421210442446D59F00ABBF80 /* Frameworks */ = {
			isa = PBXFrameworksBuildPhase;
			buildActionMask = 2147483647;
			files = (
			);
			runOnlyForDeploymentPostprocessing = 0;
		};
/* End PBXFrameworksBuildPhase section */

/* Begin PBXGroup section */
		4212101D2446D59E00ABBF80 = {
			isa = PBXGroup;
			children = (
				421210282446D59E00ABBF80 /* flix */,
				4212103F2446D59E00ABBF80 /* flixTests */,
				4212104A2446D59F00ABBF80 /* flixUITests */,
				421210272446D59E00ABBF80 /* Products */,
			);
			sourceTree = "<group>";
		};
		421210272446D59E00ABBF80 /* Products */ = {
			isa = PBXGroup;
			children = (
				421210262446D59E00ABBF80 /* flix.app */,
				4212103C2446D59E00ABBF80 /* flixTests.xctest */,
				421210472446D59F00ABBF80 /* flixUITests.xctest */,
			);
			name = Products;
			sourceTree = "<group>";
		};
		421210282446D59E00ABBF80 /* flix */ = {
			isa = PBXGroup;
			children = (
				421210292446D59E00ABBF80 /* AppDelegate.swift */,
				4212102B2446D59E00ABBF80 /* SceneDelegate.swift */,
				4212102D2446D59E00ABBF80 /* ViewController.swift */,
				4212102F2446D59E00ABBF80 /* Main.storyboard */,
				421210322446D59E00ABBF80 /* Assets.xcassets */,
				421210342446D59E00ABBF80 /* LaunchScreen.storyboard */,
				421210372446D59E00ABBF80 /* Info.plist */,
			);
			path = flix;
			sourceTree = "<group>";
		};
		4212103F2446D59E00ABBF80 /* flixTests */ = {
			isa = PBXGroup;
			children = (
				421210402446D59E00ABBF80 /* flixTests.swift */,
				421210422446D59F00ABBF80 /* Info.plist */,
			);
			path = flixTests;
			sourceTree = "<group>";
		};
		4212104A2446D59F00ABBF80 /* flixUITests */ = {
			isa = PBXGroup;
			children = (
				4212104B2446D59F00ABBF80 /* flixUITests.swift */,
				4212104D2446D59F00ABBF80 /* Info.plist */,
			);
			path = flixUITests;
			sourceTree = "<group>";
		};
/* End PBXGroup section */

/* Begin PBXNativeTarget section */
		421210252446D59E00ABBF80 /* flix */ = {
			isa = PBXNativeTarget;
			buildConfigurationList = 421210502446D59F00ABBF80 /* Build configuration list for PBXNativeTarget "flix" */;
			buildPhases = (
				421210222446D59E00ABBF80 /* Sources */,
				421210232446D59E00ABBF80 /* Frameworks */,
				421210242446D59E00ABBF80 /* Resources */,
			);
			buildRules = (
			);
			dependencies = (
			);
			name = flix;
			productName = flix;
			productReference = 421210262446D59E00ABBF80 /* flix.app */;
			productType = "com.apple.product-type.application";
		};
		4212103B2446D59E00ABBF80 /* flixTests */ = {
			isa = PBXNativeTarget;
			buildConfigurationList = 421210532446D59F00ABBF80 /* Build configuration list for PBXNativeTarget "flixTests" */;
			buildPhases = (
				421210382446D59E00ABBF80 /* Sources */,
				421210392446D59E00ABBF80 /* Frameworks */,
				4212103A2446D59E00ABBF80 /* Resources */,
			);
			buildRules = (
			);
			dependencies = (
				4212103E2446D59E00ABBF80 /* PBXTargetDependency */,
			);
			name = flixTests;
			productName = flixTests;
			productReference = 4212103C2446D59E00ABBF80 /* flixTests.xctest */;
			productType = "com.apple.product-type.bundle.unit-test";
		};
		421210462446D59F00ABBF80 /* flixUITests */ = {
			isa = PBXNativeTarget;
			buildConfigurationList = 421210562446D59F00ABBF80 /* Build configuration list for PBXNativeTarget "flixUITests" */;
			buildPhases = (
				421210432446D59F00ABBF80 /* Sources */,
				421210442446D59F00ABBF80 /* Frameworks */,
				421210452446D59F00ABBF80 /* Resources */,
			);
			buildRules = (
			);
			dependencies = (
				421210492446D59F00ABBF80 /* PBXTargetDependency */,
			);
			name = flixUITests;
			productName = flixUITests;
			productReference = 421210472446D59F00ABBF80 /* flixUITests.xctest */;
			productType = "com.apple.product-type.bundle.ui-testing";
		};
/* End PBXNativeTarget section */

/* Begin PBXProject section */
		4212101E2446D59E00ABBF80 /* Project object */ = {
			isa = PBXProject;
			attributes = {
				LastSwiftUpdateCheck = 1130;
				LastUpgradeCheck = 1130;
				ORGANIZATIONNAME = ktang300;
				TargetAttributes = {
					421210252446D59E00ABBF80 = {
						CreatedOnToolsVersion = 11.3.1;
					};
					4212103B2446D59E00ABBF80 = {
						CreatedOnToolsVersion = 11.3.1;
						TestTargetID = 421210252446D59E00ABBF80;
					};
					421210462446D59F00ABBF80 = {
						CreatedOnToolsVersion = 11.3.1;
						TestTargetID = 421210252446D59E00ABBF80;
					};
				};
			};
			buildConfigurationList = 421210212446D59E00ABBF80 /* Build configuration list for PBXProject "flix" */;
			compatibilityVersion = "Xcode 9.3";
			developmentRegion = en;
			hasScannedForEncodings = 0;
			knownRegions = (
				en,
				Base,
			);
			mainGroup = 4212101D2446D59E00ABBF80;
			productRefGroup = 421210272446D59E00ABBF80 /* Products */;
			projectDirPath = "";
			projectRoot = "";
			targets = (
				421210252446D59E00ABBF80 /* flix */,
				4212103B2446D59E00ABBF80 /* flixTests */,
				421210462446D59F00ABBF80 /* flixUITests */,
			);
		};
/* End PBXProject section */

/* Begin PBXResourcesBuildPhase section */
		421210242446D59E00ABBF80 /* Resources */ = {
			isa = PBXResourcesBuildPhase;
			buildActionMask = 2147483647;
			files = (
				421210362446D59E00ABBF80 /* LaunchScreen.storyboard in Resources */,
				421210332446D59E00ABBF80 /* Assets.xcassets in Resources */,
				421210312446D59E00ABBF80 /* Main.storyboard in Resources */,
			);
			runOnlyForDeploymentPostprocessing = 0;
		};
		4212103A2446D59E00ABBF80 /* Resources */ = {
			isa = PBXResourcesBuildPhase;
			buildActionMask = 2147483647;
			files = (
			);
			runOnlyForDeploymentPostprocessing = 0;
		};
		421210452446D59F00ABBF80 /* Resources */ = {
			isa = PBXResourcesBuildPhase;
			buildActionMask = 2147483647;
			files = (
			);
			runOnlyForDeploymentPostprocessing = 0;
		};
/* End PBXResourcesBuildPhase section */

/* Begin PBXSourcesBuildPhase section */
		421210222446D59E00ABBF80 /* Sources */ = {
			isa = PBXSourcesBuildPhase;
			buildActionMask = 2147483647;
			files = (
				4212102E2446D59E00ABBF80 /* ViewController.swift in Sources */,
				4212102A2446D59E00ABBF80 /* AppDelegate.swift in Sources */,
				4212102C2446D59E00ABBF80 /* SceneDelegate.swift in Sources */,
			);
			runOnlyForDeploymentPostprocessing = 0;
		};
		421210382446D59E00ABBF80 /* Sources */ = {
			isa = PBXSourcesBuildPhase;
			buildActionMask = 2147483647;
			files = (
				421210412446D59E00ABBF80 /* flixTests.swift in Sources */,
			);
			runOnlyForDeploymentPostprocessing = 0;
		};
		421210432446D59F00ABBF80 /* Sources */ = {
			isa = PBXSourcesBuildPhase;
			buildActionMask = 2147483647;
			files = (
				4212104C2446D59F00ABBF80 /* flixUITests.swift in Sources */,
			);
			runOnlyForDeploymentPostprocessing = 0;
		};
/* End PBXSourcesBuildPhase section */

/* Begin PBXTargetDependency section */
		4212103E2446D59E00ABBF80 /* PBXTargetDependency */ = {
			isa = PBXTargetDependency;
			target = 421210252446D59E00ABBF80 /* flix */;
			targetProxy = 4212103D2446D59E00ABBF80 /* PBXContainerItemProxy */;
		};
		421210492446D59F00ABBF80 /* PBXTargetDependency */ = {
			isa = PBXTargetDependency;
			target = 421210252446D59E00ABBF80 /* flix */;
			targetProxy = 421210482446D59F00ABBF80 /* PBXContainerItemProxy */;
		};
/* End PBXTargetDependency section */

/* Begin PBXVariantGroup section */
		4212102F2446D59E00ABBF80 /* Main.storyboard */ = {
			isa = PBXVariantGroup;
			children = (
				421210302446D59E00ABBF80 /* Base */,
			);
			name = Main.storyboard;
			sourceTree = "<group>";
		};
		421210342446D59E00ABBF80 /* LaunchScreen.storyboard */ = {
			isa = PBXVariantGroup;
			children = (
				421210352446D59E00ABBF80 /* Base */,
			);
			name = LaunchScreen.storyboard;
			sourceTree = "<group>";
		};
/* End PBXVariantGroup section */

/* Begin XCBuildConfiguration section */
		4212104E2446D59F00ABBF80 /* Debug */ = {
			isa = XCBuildConfiguration;
			buildSettings = {
				ALWAYS_SEARCH_USER_PATHS = NO;
				CLANG_ANALYZER_NONNULL = YES;
				CLANG_ANALYZER_NUMBER_OBJECT_CONVERSION = YES_AGGRESSIVE;
				CLANG_CXX_LANGUAGE_STANDARD = "gnu++14";
				CLANG_CXX_LIBRARY = "libc++";
				CLANG_ENABLE_MODULES = YES;
				CLANG_ENABLE_OBJC_ARC = YES;
				CLANG_ENABLE_OBJC_WEAK = YES;
				CLANG_WARN_BLOCK_CAPTURE_AUTORELEASING = YES;
				CLANG_WARN_BOOL_CONVERSION = YES;
				CLANG_WARN_COMMA = YES;
				CLANG_WARN_CONSTANT_CONVERSION = YES;
				CLANG_WARN_DEPRECATED_OBJC_IMPLEMENTATIONS = YES;
				CLANG_WARN_DIRECT_OBJC_ISA_USAGE = YES_ERROR;
				CLANG_WARN_DOCUMENTATION_COMMENTS = YES;
				CLANG_WARN_EMPTY_BODY = YES;
				CLANG_WARN_ENUM_CONVERSION = YES;
				CLANG_WARN_INFINITE_RECURSION = YES;
				CLANG_WARN_INT_CONVERSION = YES;
				CLANG_WARN_NON_LITERAL_NULL_CONVERSION = YES;
				CLANG_WARN_OBJC_IMPLICIT_RETAIN_SELF = YES;
				CLANG_WARN_OBJC_LITERAL_CONVERSION = YES;
				CLANG_WARN_OBJC_ROOT_CLASS = YES_ERROR;
				CLANG_WARN_RANGE_LOOP_ANALYSIS = YES;
				CLANG_WARN_STRICT_PROTOTYPES = YES;
				CLANG_WARN_SUSPICIOUS_MOVE = YES;
				CLANG_WARN_UNGUARDED_AVAILABILITY = YES_AGGRESSIVE;
				CLANG_WARN_UNREACHABLE_CODE = YES;
				CLANG_WARN__DUPLICATE_METHOD_MATCH = YES;
				COPY_PHASE_STRIP = NO;
				DEBUG_INFORMATION_FORMAT = dwarf;
				ENABLE_STRICT_OBJC_MSGSEND = YES;
				ENABLE_TESTABILITY = YES;
				GCC_C_LANGUAGE_STANDARD = gnu11;
				GCC_DYNAMIC_NO_PIC = NO;
				GCC_NO_COMMON_BLOCKS = YES;
				GCC_OPTIMIZATION_LEVEL = 0;
				GCC_PREPROCESSOR_DEFINITIONS = (
					"DEBUG=1",
					"$(inherited)",
				);
				GCC_WARN_64_TO_32_BIT_CONVERSION = YES;
				GCC_WARN_ABOUT_RETURN_TYPE = YES_ERROR;
				GCC_WARN_UNDECLARED_SELECTOR = YES;
				GCC_WARN_UNINITIALIZED_AUTOS = YES_AGGRESSIVE;
				GCC_WARN_UNUSED_FUNCTION = YES;
				GCC_WARN_UNUSED_VARIABLE = YES;
				IPHONEOS_DEPLOYMENT_TARGET = 13.2;
				MTL_ENABLE_DEBUG_INFO = INCLUDE_SOURCE;
				MTL_FAST_MATH = YES;
				ONLY_ACTIVE_ARCH = YES;
				SDKROOT = iphoneos;
				SWIFT_ACTIVE_COMPILATION_CONDITIONS = DEBUG;
				SWIFT_OPTIMIZATION_LEVEL = "-Onone";
			};
			name = Debug;
		};
		4212104F2446D59F00ABBF80 /* Release */ = {
			isa = XCBuildConfiguration;
			buildSettings = {
				ALWAYS_SEARCH_USER_PATHS = NO;
				CLANG_ANALYZER_NONNULL = YES;
				CLANG_ANALYZER_NUMBER_OBJECT_CONVERSION = YES_AGGRESSIVE;
				CLANG_CXX_LANGUAGE_STANDARD = "gnu++14";
				CLANG_CXX_LIBRARY = "libc++";
				CLANG_ENABLE_MODULES = YES;
				CLANG_ENABLE_OBJC_ARC = YES;
				CLANG_ENABLE_OBJC_WEAK = YES;
				CLANG_WARN_BLOCK_CAPTURE_AUTORELEASING = YES;
				CLANG_WARN_BOOL_CONVERSION = YES;
				CLANG_WARN_COMMA = YES;
				CLANG_WARN_CONSTANT_CONVERSION = YES;
				CLANG_WARN_DEPRECATED_OBJC_IMPLEMENTATIONS = YES;
				CLANG_WARN_DIRECT_OBJC_ISA_USAGE = YES_ERROR;
				CLANG_WARN_DOCUMENTATION_COMMENTS = YES;
				CLANG_WARN_EMPTY_BODY = YES;
				CLANG_WARN_ENUM_CONVERSION = YES;
				CLANG_WARN_INFINITE_RECURSION = YES;
				CLANG_WARN_INT_CONVERSION = YES;
				CLANG_WARN_NON_LITERAL_NULL_CONVERSION = YES;
				CLANG_WARN_OBJC_IMPLICIT_RETAIN_SELF = YES;
				CLANG_WARN_OBJC_LITERAL_CONVERSION = YES;
				CLANG_WARN_OBJC_ROOT_CLASS = YES_ERROR;
				CLANG_WARN_RANGE_LOOP_ANALYSIS = YES;
				CLANG_WARN_STRICT_PROTOTYPES = YES;
				CLANG_WARN_SUSPICIOUS_MOVE = YES;
				CLANG_WARN_UNGUARDED_AVAILABILITY = YES_AGGRESSIVE;
				CLANG_WARN_UNREACHABLE_CODE = YES;
				CLANG_WARN__DUPLICATE_METHOD_MATCH = YES;
				COPY_PHASE_STRIP = NO;
				DEBUG_INFORMATION_FORMAT = "dwarf-with-dsym";
				ENABLE_NS_ASSERTIONS = NO;
				ENABLE_STRICT_OBJC_MSGSEND = YES;
				GCC_C_LANGUAGE_STANDARD = gnu11;
				GCC_NO_COMMON_BLOCKS = YES;
				GCC_WARN_64_TO_32_BIT_CONVERSION = YES;
				GCC_WARN_ABOUT_RETURN_TYPE = YES_ERROR;
				GCC_WARN_UNDECLARED_SELECTOR = YES;
				GCC_WARN_UNINITIALIZED_AUTOS = YES_AGGRESSIVE;
				GCC_WARN_UNUSED_FUNCTION = YES;
				GCC_WARN_UNUSED_VARIABLE = YES;
				IPHONEOS_DEPLOYMENT_TARGET = 13.2;
				MTL_ENABLE_DEBUG_INFO = NO;
				MTL_FAST_MATH = YES;
				SDKROOT = iphoneos;
				SWIFT_COMPILATION_MODE = wholemodule;
				SWIFT_OPTIMIZATION_LEVEL = "-O";
				VALIDATE_PRODUCT = YES;
			};
			name = Release;
		};
		421210512446D59F00ABBF80 /* Debug */ = {
			isa = XCBuildConfiguration;
			buildSettings = {
				ASSETCATALOG_COMPILER_APPICON_NAME = AppIcon;
				CODE_SIGN_STYLE = Automatic;
				INFOPLIST_FILE = flix/Info.plist;
				LD_RUNPATH_SEARCH_PATHS = (
					"$(inherited)",
					"@executable_path/Frameworks",
				);
				PRODUCT_BUNDLE_IDENTIFIER = ktang.flix;
				PRODUCT_NAME = "$(TARGET_NAME)";
				SWIFT_VERSION = 5.0;
				TARGETED_DEVICE_FAMILY = "1,2";
			};
			name = Debug;
		};
		421210522446D59F00ABBF80 /* Release */ = {
			isa = XCBuildConfiguration;
			buildSettings = {
				ASSETCATALOG_COMPILER_APPICON_NAME = AppIcon;
				CODE_SIGN_STYLE = Automatic;
				INFOPLIST_FILE = flix/Info.plist;
				LD_RUNPATH_SEARCH_PATHS = (
					"$(inherited)",
					"@executable_path/Frameworks",
				);
				PRODUCT_BUNDLE_IDENTIFIER = ktang.flix;
				PRODUCT_NAME = "$(TARGET_NAME)";
				SWIFT_VERSION = 5.0;
				TARGETED_DEVICE_FAMILY = "1,2";
			};
			name = Release;
		};
		421210542446D59F00ABBF80 /* Debug */ = {
			isa = XCBuildConfiguration;
			buildSettings = {
				ALWAYS_EMBED_SWIFT_STANDARD_LIBRARIES = YES;
				BUNDLE_LOADER = "$(TEST_HOST)";
				CODE_SIGN_STYLE = Automatic;
				INFOPLIST_FILE = flixTests/Info.plist;
				IPHONEOS_DEPLOYMENT_TARGET = 13.2;
				LD_RUNPATH_SEARCH_PATHS = (
					"$(inherited)",
					"@executable_path/Frameworks",
					"@loader_path/Frameworks",
				);
				PRODUCT_BUNDLE_IDENTIFIER = ktang.flixTests;
				PRODUCT_NAME = "$(TARGET_NAME)";
				SWIFT_VERSION = 5.0;
				TARGETED_DEVICE_FAMILY = "1,2";
				TEST_HOST = "$(BUILT_PRODUCTS_DIR)/flix.app/flix";
			};
			name = Debug;
		};
		421210552446D59F00ABBF80 /* Release */ = {
			isa = XCBuildConfiguration;
			buildSettings = {
				ALWAYS_EMBED_SWIFT_STANDARD_LIBRARIES = YES;
				BUNDLE_LOADER = "$(TEST_HOST)";
				CODE_SIGN_STYLE = Automatic;
				INFOPLIST_FILE = flixTests/Info.plist;
				IPHONEOS_DEPLOYMENT_TARGET = 13.2;
				LD_RUNPATH_SEARCH_PATHS = (
					"$(inherited)",
					"@executable_path/Frameworks",
					"@loader_path/Frameworks",
				);
				PRODUCT_BUNDLE_IDENTIFIER = ktang.flixTests;
				PRODUCT_NAME = "$(TARGET_NAME)";
				SWIFT_VERSION = 5.0;
				TARGETED_DEVICE_FAMILY = "1,2";
				TEST_HOST = "$(BUILT_PRODUCTS_DIR)/flix.app/flix";
			};
			name = Release;
		};
		421210572446D59F00ABBF80 /* Debug */ = {
			isa = XCBuildConfiguration;
			buildSettings = {
				ALWAYS_EMBED_SWIFT_STANDARD_LIBRARIES = YES;
				CODE_SIGN_STYLE = Automatic;
				INFOPLIST_FILE = flixUITests/Info.plist;
				LD_RUNPATH_SEARCH_PATHS = (
					"$(inherited)",
					"@executable_path/Frameworks",
					"@loader_path/Frameworks",
				);
				PRODUCT_BUNDLE_IDENTIFIER = ktang.flixUITests;
				PRODUCT_NAME = "$(TARGET_NAME)";
				SWIFT_VERSION = 5.0;
				TARGETED_DEVICE_FAMILY = "1,2";
				TEST_TARGET_NAME = flix;
			};
			name = Debug;
		};
		421210582446D59F00ABBF80 /* Release */ = {
			isa = XCBuildConfiguration;
			buildSettings = {
				ALWAYS_EMBED_SWIFT_STANDARD_LIBRARIES = YES;
				CODE_SIGN_STYLE = Automatic;
				INFOPLIST_FILE = flixUITests/Info.plist;
				LD_RUNPATH_SEARCH_PATHS = (
					"$(inherited)",
					"@executable_path/Frameworks",
					"@loader_path/Frameworks",
				);
				PRODUCT_BUNDLE_IDENTIFIER = ktang.flixUITests;
				PRODUCT_NAME = "$(TARGET_NAME)";
				SWIFT_VERSION = 5.0;
				TARGETED_DEVICE_FAMILY = "1,2";
				TEST_TARGET_NAME = flix;
			};
			name = Release;
		};
/* End XCBuildConfiguration section */

/* Begin XCConfigurationList section */
		421210212446D59E00ABBF80 /* Build configuration list for PBXProject "flix" */ = {
			isa = XCConfigurationList;
			buildConfigurations = (
				4212104E2446D59F00ABBF80 /* Debug */,
				4212104F2446D59F00ABBF80 /* Release */,
			);
			defaultConfigurationIsVisible = 0;
			defaultConfigurationName = Release;
		};
		421210502446D59F00ABBF80 /* Build configuration list for PBXNativeTarget "flix" */ = {
			isa = XCConfigurationList;
			buildConfigurations = (
				421210512446D59F00ABBF80 /* Debug */,
				421210522446D59F00ABBF80 /* Release */,
			);
			defaultConfigurationIsVisible = 0;
			defaultConfigurationName = Release;
		};
		421210532446D59F00ABBF80 /* Build configuration list for PBXNativeTarget "flixTests" */ = {
			isa = XCConfigurationList;
			buildConfigurations = (
				421210542446D59F00ABBF80 /* Debug */,
				421210552446D59F00ABBF80 /* Release */,
			);
			defaultConfigurationIsVisible = 0;
			defaultConfigurationName = Release;
		};
		421210562446D59F00ABBF80 /* Build configuration list for PBXNativeTarget "flixUITests" */ = {
			isa = XCConfigurationList;
			buildConfigurations = (
				421210572446D59F00ABBF80 /* Debug */,
				421210582446D59F00ABBF80 /* Release */,
			);
			defaultConfigurationIsVisible = 0;
			defaultConfigurationName = Release;
		};
/* End XCConfigurationList section */
	};
	rootObject = 4212101E2446D59E00ABBF80 /* Project object */;
}
