// !$*UTF8*$!
{
	archiveVersion = 1;
	classes = {
	};
	objectVersion = 51;
	objects = {

/* Begin PBXBuildFile section */
		343D9E0B2D9E842658CA0027 /* Pods_flixTests.framework in Frameworks */ = {isa = PBXBuildFile; fileRef = 9F4C55E47E85C7A79F9E09CB /* Pods_flixTests.framework */; };
		4212102A2446D59E00ABBF80 /* AppDelegate.swift in Sources */ = {isa = PBXBuildFile; fileRef = 421210292446D59E00ABBF80 /* AppDelegate.swift */; };
		4212102C2446D59E00ABBF80 /* SceneDelegate.swift in Sources */ = {isa = PBXBuildFile; fileRef = 4212102B2446D59E00ABBF80 /* SceneDelegate.swift */; };
		421210312446D59E00ABBF80 /* Main.storyboard in Resources */ = {isa = PBXBuildFile; fileRef = 4212102F2446D59E00ABBF80 /* Main.storyboard */; };
		421210332446D59E00ABBF80 /* Assets.xcassets in Resources */ = {isa = PBXBuildFile; fileRef = 421210322446D59E00ABBF80 /* Assets.xcassets */; };
		421210362446D59E00ABBF80 /* LaunchScreen.storyboard in Resources */ = {isa = PBXBuildFile; fileRef = 421210342446D59E00ABBF80 /* LaunchScreen.storyboard */; };
		421210412446D59E00ABBF80 /* flixTests.swift in Sources */ = {isa = PBXBuildFile; fileRef = 421210402446D59E00ABBF80 /* flixTests.swift */; };
		4212104C2446D59F00ABBF80 /* flixUITests.swift in Sources */ = {isa = PBXBuildFile; fileRef = 4212104B2446D59F00ABBF80 /* flixUITests.swift */; };
		4212105A2446D62000ABBF80 /* MoviesViewController.swift in Sources */ = {isa = PBXBuildFile; fileRef = 421210592446D62000ABBF80 /* MoviesViewController.swift */; };
		4212105C2446DA2C00ABBF80 /* MovieCell.swift in Sources */ = {isa = PBXBuildFile; fileRef = 4212105B2446DA2C00ABBF80 /* MovieCell.swift */; };
		422BACEC244D3C6A0070D60D /* MovieDetailsViewController.swift in Sources */ = {isa = PBXBuildFile; fileRef = 422BACEB244D3C6A0070D60D /* MovieDetailsViewController.swift */; };
		422BACEE244D43520070D60D /* MovieGridViewController.swift in Sources */ = {isa = PBXBuildFile; fileRef = 422BACED244D43520070D60D /* MovieGridViewController.swift */; };
		422BACF0244D46380070D60D /* MovieGridCell.swift in Sources */ = {isa = PBXBuildFile; fileRef = 422BACEF244D46380070D60D /* MovieGridCell.swift */; };
		BDDE8F98E8AF5C56032CA453 /* Pods_flix.framework in Frameworks */ = {isa = PBXBuildFile; fileRef = B17959EED49A7E88999F6D7B /* Pods_flix.framework */; };
		F7CC50238FBF2E0055DBB802 /* Pods_flix_flixUITests.framework in Frameworks */ = {isa = PBXBuildFile; fileRef = 9B5E56FAEAAA380FCC964AE7 /* Pods_flix_flixUITests.framework */; };
/* End PBXBuildFile section */

/* Begin PBXContainerItemProxy section */
		4212103D2446D59E00ABBF80 /* PBXContainerItemProxy */ = {
			isa = PBXContainerItemProxy;
			containerPortal = 4212101E2446D59E00ABBF80 /* Project object */;
			proxyType = 1;
			remoteGlobalIDString = 421210252446D59E00ABBF80;
			remoteInfo = flix;
		};
		421210482446D59F00ABBF80 /* PBXContainerItemProxy */ = {
			isa = PBXContainerItemProxy;
			containerPortal = 4212101E2446D59E00ABBF80 /* Project object */;
			proxyType = 1;
			remoteGlobalIDString = 421210252446D59E00ABBF80;
			remoteInfo = flix;
		};
/* End PBXContainerItemProxy section */

/* Begin PBXFileReference section */
		0E14BBC08159DACAC8991332 /* Pods-flix.release.xcconfig */ = {isa = PBXFileReference; includeInIndex = 1; lastKnownFileType = text.xcconfig; name = "Pods-flix.release.xcconfig"; path = "Target Support Files/Pods-flix/Pods-flix.release.xcconfig"; sourceTree = "<group>"; };
		421210262446D59E00ABBF80 /* flix.app */ = {isa = PBXFileReference; explicitFileType = wrapper.application; includeInIndex = 0; path = flix.app; sourceTree = BUILT_PRODUCTS_DIR; };
		421210292446D59E00ABBF80 /* AppDelegate.swift */ = {isa = PBXFileReference; lastKnownFileType = sourcecode.swift; path = AppDelegate.swift; sourceTree = "<group>"; };
		4212102B2446D59E00ABBF80 /* SceneDelegate.swift */ = {isa = PBXFileReference; lastKnownFileType = sourcecode.swift; path = SceneDelegate.swift; sourceTree = "<group>"; };
		421210302446D59E00ABBF80 /* Base */ = {isa = PBXFileReference; lastKnownFileType = file.storyboard; name = Base; path = Base.lproj/Main.storyboard; sourceTree = "<group>"; };
		421210322446D59E00ABBF80 /* Assets.xcassets */ = {isa = PBXFileReference; lastKnownFileType = folder.assetcatalog; path = Assets.xcassets; sourceTree = "<group>"; };
		421210352446D59E00ABBF80 /* Base */ = {isa = PBXFileReference; lastKnownFileType = file.storyboard; name = Base; path = Base.lproj/LaunchScreen.storyboard; sourceTree = "<group>"; };
		421210372446D59E00ABBF80 /* Info.plist */ = {isa = PBXFileReference; lastKnownFileType = text.plist.xml; path = Info.plist; sourceTree = "<group>"; };
		4212103C2446D59E00ABBF80 /* flixTests.xctest */ = {isa = PBXFileReference; explicitFileType = wrapper.cfbundle; includeInIndex = 0; path = flixTests.xctest; sourceTree = BUILT_PRODUCTS_DIR; };
		421210402446D59E00ABBF80 /* flixTests.swift */ = {isa = PBXFileReference; lastKnownFileType = sourcecode.swift; path = flixTests.swift; sourceTree = "<group>"; };
		421210422446D59F00ABBF80 /* Info.plist */ = {isa = PBXFileReference; lastKnownFileType = text.plist.xml; path = Info.plist; sourceTree = "<group>"; };
		421210472446D59F00ABBF80 /* flixUITests.xctest */ = {isa = PBXFileReference; explicitFileType = wrapper.cfbundle; includeInIndex = 0; path = flixUITests.xctest; sourceTree = BUILT_PRODUCTS_DIR; };
		4212104B2446D59F00ABBF80 /* flixUITests.swift */ = {isa = PBXFileReference; lastKnownFileType = sourcecode.swift; path = flixUITests.swift; sourceTree = "<group>"; };
		4212104D2446D59F00ABBF80 /* Info.plist */ = {isa = PBXFileReference; lastKnownFileType = text.plist.xml; path = Info.plist; sourceTree = "<group>"; };
		421210592446D62000ABBF80 /* MoviesViewController.swift */ = {isa = PBXFileReference; lastKnownFileType = sourcecode.swift; path = MoviesViewController.swift; sourceTree = "<group>"; };
		4212105B2446DA2C00ABBF80 /* MovieCell.swift */ = {isa = PBXFileReference; lastKnownFileType = sourcecode.swift; path = MovieCell.swift; sourceTree = "<group>"; };
		422BACEB244D3C6A0070D60D /* MovieDetailsViewController.swift */ = {isa = PBXFileReference; lastKnownFileType = sourcecode.swift; path = MovieDetailsViewController.swift; sourceTree = "<group>"; };
		422BACED244D43520070D60D /* MovieGridViewController.swift */ = {isa = PBXFileReference; lastKnownFileType = sourcecode.swift; path = MovieGridViewController.swift; sourceTree = "<group>"; };
		422BACEF244D46380070D60D /* MovieGridCell.swift */ = {isa = PBXFileReference; lastKnownFileType = sourcecode.swift; path = MovieGridCell.swift; sourceTree = "<group>"; };
		843A49B1B07344B178F65830 /* Pods-flix-flixUITests.debug.xcconfig */ = {isa = PBXFileReference; includeInIndex = 1; lastKnownFileType = text.xcconfig; name = "Pods-flix-flixUITests.debug.xcconfig"; path = "Target Support Files/Pods-flix-flixUITests/Pods-flix-flixUITests.debug.xcconfig"; sourceTree = "<group>"; };
		8EE3931E0366496E7FCB4B55 /* Pods-flix-flixUITests.release.xcconfig */ = {isa = PBXFileReference; includeInIndex = 1; lastKnownFileType = text.xcconfig; name = "Pods-flix-flixUITests.release.xcconfig"; path = "Target Support Files/Pods-flix-flixUITests/Pods-flix-flixUITests.release.xcconfig"; sourceTree = "<group>"; };
		9B5E56FAEAAA380FCC964AE7 /* Pods_flix_flixUITests.framework */ = {isa = PBXFileReference; explicitFileType = wrapper.framework; includeInIndex = 0; path = Pods_flix_flixUITests.framework; sourceTree = BUILT_PRODUCTS_DIR; };
		9F4C55E47E85C7A79F9E09CB /* Pods_flixTests.framework */ = {isa = PBXFileReference; explicitFileType = wrapper.framework; includeInIndex = 0; path = Pods_flixTests.framework; sourceTree = BUILT_PRODUCTS_DIR; };
		A7B1E3721CCCCE38686818F1 /* Pods-flixTests.release.xcconfig */ = {isa = PBXFileReference; includeInIndex = 1; lastKnownFileType = text.xcconfig; name = "Pods-flixTests.release.xcconfig"; path = "Target Support Files/Pods-flixTests/Pods-flixTests.release.xcconfig"; sourceTree = "<group>"; };
		B17959EED49A7E88999F6D7B /* Pods_flix.framework */ = {isa = PBXFileReference; explicitFileType = wrapper.framework; includeInIndex = 0; path = Pods_flix.framework; sourceTree = BUILT_PRODUCTS_DIR; };
		E270BBEAC7D31F50E98CDE5D /* Pods-flix.debug.xcconfig */ = {isa = PBXFileReference; includeInIndex = 1; lastKnownFileType = text.xcconfig; name = "Pods-flix.debug.xcconfig"; path = "Target Support Files/Pods-flix/Pods-flix.debug.xcconfig"; sourceTree = "<group>"; };
		F2F99F4DDD0750F39F23CE60 /* Pods-flixTests.debug.xcconfig */ = {isa = PBXFileReference; includeInIndex = 1; lastKnownFileType = text.xcconfig; name = "Pods-flixTests.debug.xcconfig"; path = "Target Support Files/Pods-flixTests/Pods-flixTests.debug.xcconfig"; sourceTree = "<group>"; };
/* End PBXFileReference section */

/* Begin PBXFrameworksBuildPhase section */
		421210232446D59E00ABBF80 /* Frameworks */ = {
			isa = PBXFrameworksBuildPhase;
			buildActionMask = 2147483647;
			files = (
				BDDE8F98E8AF5C56032CA453 /* Pods_flix.framework in Frameworks */,
			);
			runOnlyForDeploymentPostprocessing = 0;
		};
		421210392446D59E00ABBF80 /* Frameworks */ = {
			isa = PBXFrameworksBuildPhase;
			buildActionMask = 2147483647;
			files = (
				343D9E0B2D9E842658CA0027 /* Pods_flixTests.framework in Frameworks */,
			);
			runOnlyForDeploymentPostprocessing = 0;
		};
		421210442446D59F00ABBF80 /* Frameworks */ = {
			isa = PBXFrameworksBuildPhase;
			buildActionMask = 2147483647;
			files = (
				F7CC50238FBF2E0055DBB802 /* Pods_flix_flixUITests.framework in Frameworks */,
			);
			runOnlyForDeploymentPostprocessing = 0;
		};
/* End PBXFrameworksBuildPhase section */

/* Begin PBXGroup section */
		4212101D2446D59E00ABBF80 = {
			isa = PBXGroup;
			children = (
				421210282446D59E00ABBF80 /* flix */,
				4212103F2446D59E00ABBF80 /* flixTests */,
				4212104A2446D59F00ABBF80 /* flixUITests */,
				421210272446D59E00ABBF80 /* Products */,
				921776D2595A116D1FDDD680 /* Pods */,
				54D2D501D4EA9D4F36F58237 /* Frameworks */,
			);
			sourceTree = "<group>";
		};
		421210272446D59E00ABBF80 /* Products */ = {
			isa = PBXGroup;
			children = (
				421210262446D59E00ABBF80 /* flix.app */,
				4212103C2446D59E00ABBF80 /* flixTests.xctest */,
				421210472446D59F00ABBF80 /* flixUITests.xctest */,
			);
			name = Products;
			sourceTree = "<group>";
		};
		421210282446D59E00ABBF80 /* flix */ = {
			isa = PBXGroup;
			children = (
				421210292446D59E00ABBF80 /* AppDelegate.swift */,
				4212102B2446D59E00ABBF80 /* SceneDelegate.swift */,
				4212102F2446D59E00ABBF80 /* Main.storyboard */,
				421210322446D59E00ABBF80 /* Assets.xcassets */,
				421210342446D59E00ABBF80 /* LaunchScreen.storyboard */,
				421210372446D59E00ABBF80 /* Info.plist */,
				421210592446D62000ABBF80 /* MoviesViewController.swift */,
				4212105B2446DA2C00ABBF80 /* MovieCell.swift */,
				422BACEB244D3C6A0070D60D /* MovieDetailsViewController.swift */,
				422BACED244D43520070D60D /* MovieGridViewController.swift */,
				422BACEF244D46380070D60D /* MovieGridCell.swift */,
			);
			path = flix;
			sourceTree = "<group>";
		};
		4212103F2446D59E00ABBF80 /* flixTests */ = {
			isa = PBXGroup;
			children = (
				421210402446D59E00ABBF80 /* flixTests.swift */,
				421210422446D59F00ABBF80 /* Info.plist */,
			);
			path = flixTests;
			sourceTree = "<group>";
		};
		4212104A2446D59F00ABBF80 /* flixUITests */ = {
			isa = PBXGroup;
			children = (
				4212104B2446D59F00ABBF80 /* flixUITests.swift */,
				4212104D2446D59F00ABBF80 /* Info.plist */,
			);
			path = flixUITests;
			sourceTree = "<group>";
		};
		54D2D501D4EA9D4F36F58237 /* Frameworks */ = {
			isa = PBXGroup;
			children = (
				B17959EED49A7E88999F6D7B /* Pods_flix.framework */,
				9B5E56FAEAAA380FCC964AE7 /* Pods_flix_flixUITests.framework */,
				9F4C55E47E85C7A79F9E09CB /* Pods_flixTests.framework */,
			);
			name = Frameworks;
			sourceTree = "<group>";
		};
		921776D2595A116D1FDDD680 /* Pods */ = {
			isa = PBXGroup;
			children = (
				E270BBEAC7D31F50E98CDE5D /* Pods-flix.debug.xcconfig */,
				0E14BBC08159DACAC8991332 /* Pods-flix.release.xcconfig */,
				843A49B1B07344B178F65830 /* Pods-flix-flixUITests.debug.xcconfig */,
				8EE3931E0366496E7FCB4B55 /* Pods-flix-flixUITests.release.xcconfig */,
				F2F99F4DDD0750F39F23CE60 /* Pods-flixTests.debug.xcconfig */,
				A7B1E3721CCCCE38686818F1 /* Pods-flixTests.release.xcconfig */,
			);
			path = Pods;
			sourceTree = "<group>";
		};
/* End PBXGroup section */

/* Begin PBXNativeTarget section */
		421210252446D59E00ABBF80 /* flix */ = {
			isa = PBXNativeTarget;
			buildConfigurationList = 421210502446D59F00ABBF80 /* Build configuration list for PBXNativeTarget "flix" */;
			buildPhases = (
				F334D27EB69CC9DF9131DFA3 /* [CP] Check Pods Manifest.lock */,
				421210222446D59E00ABBF80 /* Sources */,
				421210232446D59E00ABBF80 /* Frameworks */,
				421210242446D59E00ABBF80 /* Resources */,
				FAD6CDC8B8775C80BD00BA3A /* [CP] Embed Pods Frameworks */,
			);
			buildRules = (
			);
			dependencies = (
			);
			name = flix;
			productName = flix;
			productReference = 421210262446D59E00ABBF80 /* flix.app */;
			productType = "com.apple.product-type.application";
		};
		4212103B2446D59E00ABBF80 /* flixTests */ = {
			isa = PBXNativeTarget;
			buildConfigurationList = 421210532446D59F00ABBF80 /* Build configuration list for PBXNativeTarget "flixTests" */;
			buildPhases = (
				C8A9835DF8A79AB38561D241 /* [CP] Check Pods Manifest.lock */,
				421210382446D59E00ABBF80 /* Sources */,
				421210392446D59E00ABBF80 /* Frameworks */,
				4212103A2446D59E00ABBF80 /* Resources */,
			);
			buildRules = (
			);
			dependencies = (
				4212103E2446D59E00ABBF80 /* PBXTargetDependency */,
			);
			name = flixTests;
			productName = flixTests;
			productReference = 4212103C2446D59E00ABBF80 /* flixTests.xctest */;
			productType = "com.apple.product-type.bundle.unit-test";
		};
		421210462446D59F00ABBF80 /* flixUITests */ = {
			isa = PBXNativeTarget;
			buildConfigurationList = 421210562446D59F00ABBF80 /* Build configuration list for PBXNativeTarget "flixUITests" */;
			buildPhases = (
				C85C0A779B2A5CB9514FAECA /* [CP] Check Pods Manifest.lock */,
				421210432446D59F00ABBF80 /* Sources */,
				421210442446D59F00ABBF80 /* Frameworks */,
				421210452446D59F00ABBF80 /* Resources */,
				590D50EA49B753751AE60E57 /* [CP] Embed Pods Frameworks */,
			);
			buildRules = (
			);
			dependencies = (
				421210492446D59F00ABBF80 /* PBXTargetDependency */,
			);
			name = flixUITests;
			productName = flixUITests;
			productReference = 421210472446D59F00ABBF80 /* flixUITests.xctest */;
			productType = "com.apple.product-type.bundle.ui-testing";
		};
/* End PBXNativeTarget section */

/* Begin PBXProject section */
		4212101E2446D59E00ABBF80 /* Project object */ = {
			isa = PBXProject;
			attributes = {
				LastSwiftUpdateCheck = 1130;
				LastUpgradeCheck = 1130;
				ORGANIZATIONNAME = ktang300;
				TargetAttributes = {
					421210252446D59E00ABBF80 = {
						CreatedOnToolsVersion = 11.3.1;
					};
					4212103B2446D59E00ABBF80 = {
						CreatedOnToolsVersion = 11.3.1;
						TestTargetID = 421210252446D59E00ABBF80;
					};
					421210462446D59F00ABBF80 = {
						CreatedOnToolsVersion = 11.3.1;
						TestTargetID = 421210252446D59E00ABBF80;
					};
				};
			};
			buildConfigurationList = 421210212446D59E00ABBF80 /* Build configuration list for PBXProject "flix" */;
			compatibilityVersion = "Xcode 9.3";
			developmentRegion = en;
			hasScannedForEncodings = 0;
			knownRegions = (
				en,
				Base,
			);
			mainGroup = 4212101D2446D59E00ABBF80;
			productRefGroup = 421210272446D59E00ABBF80 /* Products */;
			projectDirPath = "";
			projectRoot = "";
			targets = (
				421210252446D59E00ABBF80 /* flix */,
				4212103B2446D59E00ABBF80 /* flixTests */,
				421210462446D59F00ABBF80 /* flixUITests */,
			);
		};
/* End PBXProject section */

/* Begin PBXResourcesBuildPhase section */
		421210242446D59E00ABBF80 /* Resources */ = {
			isa = PBXResourcesBuildPhase;
			buildActionMask = 2147483647;
			files = (
				421210362446D59E00ABBF80 /* LaunchScreen.storyboard in Resources */,
				421210332446D59E00ABBF80 /* Assets.xcassets in Resources */,
				421210312446D59E00ABBF80 /* Main.storyboard in Resources */,
			);
			runOnlyForDeploymentPostprocessing = 0;
		};
		4212103A2446D59E00ABBF80 /* Resources */ = {
			isa = PBXResourcesBuildPhase;
			buildActionMask = 2147483647;
			files = (
			);
			runOnlyForDeploymentPostprocessing = 0;
		};
		421210452446D59F00ABBF80 /* Resources */ = {
			isa = PBXResourcesBuildPhase;
			buildActionMask = 2147483647;
			files = (
			);
			runOnlyForDeploymentPostprocessing = 0;
		};
/* End PBXResourcesBuildPhase section */

/* Begin PBXShellScriptBuildPhase section */
		590D50EA49B753751AE60E57 /* [CP] Embed Pods Frameworks */ = {
			isa = PBXShellScriptBuildPhase;
			buildActionMask = 2147483647;
			files = (
			);
			inputFileListPaths = (
				"${PODS_ROOT}/Target Support Files/Pods-flix-flixUITests/Pods-flix-flixUITests-frameworks-${CONFIGURATION}-input-files.xcfilelist",
			);
			name = "[CP] Embed Pods Frameworks";
			outputFileListPaths = (
				"${PODS_ROOT}/Target Support Files/Pods-flix-flixUITests/Pods-flix-flixUITests-frameworks-${CONFIGURATION}-output-files.xcfilelist",
			);
			runOnlyForDeploymentPostprocessing = 0;
			shellPath = /bin/sh;
			shellScript = "\"${PODS_ROOT}/Target Support Files/Pods-flix-flixUITests/Pods-flix-flixUITests-frameworks.sh\"\n";
			showEnvVarsInLog = 0;
		};
		C85C0A779B2A5CB9514FAECA /* [CP] Check Pods Manifest.lock */ = {
			isa = PBXShellScriptBuildPhase;
			buildActionMask = 2147483647;
			files = (
			);
			inputFileListPaths = (
			);
			inputPaths = (
				"${PODS_PODFILE_DIR_PATH}/Podfile.lock",
				"${PODS_ROOT}/Manifest.lock",
			);
			name = "[CP] Check Pods Manifest.lock";
			outputFileListPaths = (
			);
			outputPaths = (
				"$(DERIVED_FILE_DIR)/Pods-flix-flixUITests-checkManifestLockResult.txt",
			);
			runOnlyForDeploymentPostprocessing = 0;
			shellPath = /bin/sh;
			shellScript = "diff \"${PODS_PODFILE_DIR_PATH}/Podfile.lock\" \"${PODS_ROOT}/Manifest.lock\" > /dev/null\nif [ $? != 0 ] ; then\n    # print error to STDERR\n    echo \"error: The sandbox is not in sync with the Podfile.lock. Run 'pod install' or update your CocoaPods installation.\" >&2\n    exit 1\nfi\n# This output is used by Xcode 'outputs' to avoid re-running this script phase.\necho \"SUCCESS\" > \"${SCRIPT_OUTPUT_FILE_0}\"\n";
			showEnvVarsInLog = 0;
		};
		C8A9835DF8A79AB38561D241 /* [CP] Check Pods Manifest.lock */ = {
			isa = PBXShellScriptBuildPhase;
			buildActionMask = 2147483647;
			files = (
			);
			inputFileListPaths = (
			);
			inputPaths = (
				"${PODS_PODFILE_DIR_PATH}/Podfile.lock",
				"${PODS_ROOT}/Manifest.lock",
			);
			name = "[CP] Check Pods Manifest.lock";
			outputFileListPaths = (
			);
			outputPaths = (
				"$(DERIVED_FILE_DIR)/Pods-flixTests-checkManifestLockResult.txt",
			);
			runOnlyForDeploymentPostprocessing = 0;
			shellPath = /bin/sh;
			shellScript = "diff \"${PODS_PODFILE_DIR_PATH}/Podfile.lock\" \"${PODS_ROOT}/Manifest.lock\" > /dev/null\nif [ $? != 0 ] ; then\n    # print error to STDERR\n    echo \"error: The sandbox is not in sync with the Podfile.lock. Run 'pod install' or update your CocoaPods installation.\" >&2\n    exit 1\nfi\n# This output is used by Xcode 'outputs' to avoid re-running this script phase.\necho \"SUCCESS\" > \"${SCRIPT_OUTPUT_FILE_0}\"\n";
			showEnvVarsInLog = 0;
		};
		F334D27EB69CC9DF9131DFA3 /* [CP] Check Pods Manifest.lock */ = {
			isa = PBXShellScriptBuildPhase;
			buildActionMask = 2147483647;
			files = (
			);
			inputFileListPaths = (
			);
			inputPaths = (
				"${PODS_PODFILE_DIR_PATH}/Podfile.lock",
				"${PODS_ROOT}/Manifest.lock",
			);
			name = "[CP] Check Pods Manifest.lock";
			outputFileListPaths = (
			);
			outputPaths = (
				"$(DERIVED_FILE_DIR)/Pods-flix-checkManifestLockResult.txt",
			);
			runOnlyForDeploymentPostprocessing = 0;
			shellPath = /bin/sh;
			shellScript = "diff \"${PODS_PODFILE_DIR_PATH}/Podfile.lock\" \"${PODS_ROOT}/Manifest.lock\" > /dev/null\nif [ $? != 0 ] ; then\n    # print error to STDERR\n    echo \"error: The sandbox is not in sync with the Podfile.lock. Run 'pod install' or update your CocoaPods installation.\" >&2\n    exit 1\nfi\n# This output is used by Xcode 'outputs' to avoid re-running this script phase.\necho \"SUCCESS\" > \"${SCRIPT_OUTPUT_FILE_0}\"\n";
			showEnvVarsInLog = 0;
		};
		FAD6CDC8B8775C80BD00BA3A /* [CP] Embed Pods Frameworks */ = {
			isa = PBXShellScriptBuildPhase;
			buildActionMask = 2147483647;
			files = (
			);
			inputFileListPaths = (
				"${PODS_ROOT}/Target Support Files/Pods-flix/Pods-flix-frameworks-${CONFIGURATION}-input-files.xcfilelist",
			);
			name = "[CP] Embed Pods Frameworks";
			outputFileListPaths = (
				"${PODS_ROOT}/Target Support Files/Pods-flix/Pods-flix-frameworks-${CONFIGURATION}-output-files.xcfilelist",
			);
			runOnlyForDeploymentPostprocessing = 0;
			shellPath = /bin/sh;
			shellScript = "\"${PODS_ROOT}/Target Support Files/Pods-flix/Pods-flix-frameworks.sh\"\n";
			showEnvVarsInLog = 0;
		};
/* End PBXShellScriptBuildPhase section */

/* Begin PBXSourcesBuildPhase section */
		421210222446D59E00ABBF80 /* Sources */ = {
			isa = PBXSourcesBuildPhase;
			buildActionMask = 2147483647;
			files = (
				422BACEC244D3C6A0070D60D /* MovieDetailsViewController.swift in Sources */,
				4212102A2446D59E00ABBF80 /* AppDelegate.swift in Sources */,
				4212102C2446D59E00ABBF80 /* SceneDelegate.swift in Sources */,
				4212105C2446DA2C00ABBF80 /* MovieCell.swift in Sources */,
				4212105A2446D62000ABBF80 /* MoviesViewController.swift in Sources */,
				422BACEE244D43520070D60D /* MovieGridViewController.swift in Sources */,
				422BACF0244D46380070D60D /* MovieGridCell.swift in Sources */,
			);
			runOnlyForDeploymentPostprocessing = 0;
		};
		421210382446D59E00ABBF80 /* Sources */ = {
			isa = PBXSourcesBuildPhase;
			buildActionMask = 2147483647;
			files = (
				421210412446D59E00ABBF80 /* flixTests.swift in Sources */,
			);
			runOnlyForDeploymentPostprocessing = 0;
		};
		421210432446D59F00ABBF80 /* Sources */ = {
			isa = PBXSourcesBuildPhase;
			buildActionMask = 2147483647;
			files = (
				4212104C2446D59F00ABBF80 /* flixUITests.swift in Sources */,
			);
			runOnlyForDeploymentPostprocessing = 0;
		};
/* End PBXSourcesBuildPhase section */

/* Begin PBXTargetDependency section */
		4212103E2446D59E00ABBF80 /* PBXTargetDependency */ = {
			isa = PBXTargetDependency;
			target = 421210252446D59E00ABBF80 /* flix */;
			targetProxy = 4212103D2446D59E00ABBF80 /* PBXContainerItemProxy */;
		};
		421210492446D59F00ABBF80 /* PBXTargetDependency */ = {
			isa = PBXTargetDependency;
			target = 421210252446D59E00ABBF80 /* flix */;
			targetProxy = 421210482446D59F00ABBF80 /* PBXContainerItemProxy */;
		};
/* End PBXTargetDependency section */

/* Begin PBXVariantGroup section */
		4212102F2446D59E00ABBF80 /* Main.storyboard */ = {
			isa = PBXVariantGroup;
			children = (
				421210302446D59E00ABBF80 /* Base */,
			);
			name = Main.storyboard;
			sourceTree = "<group>";
		};
		421210342446D59E00ABBF80 /* LaunchScreen.storyboard */ = {
			isa = PBXVariantGroup;
			children = (
				421210352446D59E00ABBF80 /* Base */,
			);
			name = LaunchScreen.storyboard;
			sourceTree = "<group>";
		};
/* End PBXVariantGroup section */

/* Begin XCBuildConfiguration section */
		4212104E2446D59F00ABBF80 /* Debug */ = {
			isa = XCBuildConfiguration;
			buildSettings = {
				ALWAYS_SEARCH_USER_PATHS = NO;
				CLANG_ANALYZER_NONNULL = YES;
				CLANG_ANALYZER_NUMBER_OBJECT_CONVERSION = YES_AGGRESSIVE;
				CLANG_CXX_LANGUAGE_STANDARD = "gnu++14";
				CLANG_CXX_LIBRARY = "libc++";
				CLANG_ENABLE_MODULES = YES;
				CLANG_ENABLE_OBJC_ARC = YES;
				CLANG_ENABLE_OBJC_WEAK = YES;
				CLANG_WARN_BLOCK_CAPTURE_AUTORELEASING = YES;
				CLANG_WARN_BOOL_CONVERSION = YES;
				CLANG_WARN_COMMA = YES;
				CLANG_WARN_CONSTANT_CONVERSION = YES;
				CLANG_WARN_DEPRECATED_OBJC_IMPLEMENTATIONS = YES;
				CLANG_WARN_DIRECT_OBJC_ISA_USAGE = YES_ERROR;
				CLANG_WARN_DOCUMENTATION_COMMENTS = YES;
				CLANG_WARN_EMPTY_BODY = YES;
				CLANG_WARN_ENUM_CONVERSION = YES;
				CLANG_WARN_INFINITE_RECURSION = YES;
				CLANG_WARN_INT_CONVERSION = YES;
				CLANG_WARN_NON_LITERAL_NULL_CONVERSION = YES;
				CLANG_WARN_OBJC_IMPLICIT_RETAIN_SELF = YES;
				CLANG_WARN_OBJC_LITERAL_CONVERSION = YES;
				CLANG_WARN_OBJC_ROOT_CLASS = YES_ERROR;
				CLANG_WARN_RANGE_LOOP_ANALYSIS = YES;
				CLANG_WARN_STRICT_PROTOTYPES = YES;
				CLANG_WARN_SUSPICIOUS_MOVE = YES;
				CLANG_WARN_UNGUARDED_AVAILABILITY = YES_AGGRESSIVE;
				CLANG_WARN_UNREACHABLE_CODE = YES;
				CLANG_WARN__DUPLICATE_METHOD_MATCH = YES;
				COPY_PHASE_STRIP = NO;
				DEBUG_INFORMATION_FORMAT = dwarf;
				ENABLE_STRICT_OBJC_MSGSEND = YES;
				ENABLE_TESTABILITY = YES;
				GCC_C_LANGUAGE_STANDARD = gnu11;
				GCC_DYNAMIC_NO_PIC = NO;
				GCC_NO_COMMON_BLOCKS = YES;
				GCC_OPTIMIZATION_LEVEL = 0;
				GCC_PREPROCESSOR_DEFINITIONS = (
					"DEBUG=1",
					"$(inherited)",
				);
				GCC_WARN_64_TO_32_BIT_CONVERSION = YES;
				GCC_WARN_ABOUT_RETURN_TYPE = YES_ERROR;
				GCC_WARN_UNDECLARED_SELECTOR = YES;
				GCC_WARN_UNINITIALIZED_AUTOS = YES_AGGRESSIVE;
				GCC_WARN_UNUSED_FUNCTION = YES;
				GCC_WARN_UNUSED_VARIABLE = YES;
				IPHONEOS_DEPLOYMENT_TARGET = 13.2;
				MTL_ENABLE_DEBUG_INFO = INCLUDE_SOURCE;
				MTL_FAST_MATH = YES;
				ONLY_ACTIVE_ARCH = YES;
				SDKROOT = iphoneos;
				SWIFT_ACTIVE_COMPILATION_CONDITIONS = DEBUG;
				SWIFT_OPTIMIZATION_LEVEL = "-Onone";
			};
			name = Debug;
		};
		4212104F2446D59F00ABBF80 /* Release */ = {
			isa = XCBuildConfiguration;
			buildSettings = {
				ALWAYS_SEARCH_USER_PATHS = NO;
				CLANG_ANALYZER_NONNULL = YES;
				CLANG_ANALYZER_NUMBER_OBJECT_CONVERSION = YES_AGGRESSIVE;
				CLANG_CXX_LANGUAGE_STANDARD = "gnu++14";
				CLANG_CXX_LIBRARY = "libc++";
				CLANG_ENABLE_MODULES = YES;
				CLANG_ENABLE_OBJC_ARC = YES;
				CLANG_ENABLE_OBJC_WEAK = YES;
				CLANG_WARN_BLOCK_CAPTURE_AUTORELEASING = YES;
				CLANG_WARN_BOOL_CONVERSION = YES;
				CLANG_WARN_COMMA = YES;
				CLANG_WARN_CONSTANT_CONVERSION = YES;
				CLANG_WARN_DEPRECATED_OBJC_IMPLEMENTATIONS = YES;
				CLANG_WARN_DIRECT_OBJC_ISA_USAGE = YES_ERROR;
				CLANG_WARN_DOCUMENTATION_COMMENTS = YES;
				CLANG_WARN_EMPTY_BODY = YES;
				CLANG_WARN_ENUM_CONVERSION = YES;
				CLANG_WARN_INFINITE_RECURSION = YES;
				CLANG_WARN_INT_CONVERSION = YES;
				CLANG_WARN_NON_LITERAL_NULL_CONVERSION = YES;
				CLANG_WARN_OBJC_IMPLICIT_RETAIN_SELF = YES;
				CLANG_WARN_OBJC_LITERAL_CONVERSION = YES;
				CLANG_WARN_OBJC_ROOT_CLASS = YES_ERROR;
				CLANG_WARN_RANGE_LOOP_ANALYSIS = YES;
				CLANG_WARN_STRICT_PROTOTYPES = YES;
				CLANG_WARN_SUSPICIOUS_MOVE = YES;
				CLANG_WARN_UNGUARDED_AVAILABILITY = YES_AGGRESSIVE;
				CLANG_WARN_UNREACHABLE_CODE = YES;
				CLANG_WARN__DUPLICATE_METHOD_MATCH = YES;
				COPY_PHASE_STRIP = NO;
				DEBUG_INFORMATION_FORMAT = "dwarf-with-dsym";
				ENABLE_NS_ASSERTIONS = NO;
				ENABLE_STRICT_OBJC_MSGSEND = YES;
				GCC_C_LANGUAGE_STANDARD = gnu11;
				GCC_NO_COMMON_BLOCKS = YES;
				GCC_WARN_64_TO_32_BIT_CONVERSION = YES;
				GCC_WARN_ABOUT_RETURN_TYPE = YES_ERROR;
				GCC_WARN_UNDECLARED_SELECTOR = YES;
				GCC_WARN_UNINITIALIZED_AUTOS = YES_AGGRESSIVE;
				GCC_WARN_UNUSED_FUNCTION = YES;
				GCC_WARN_UNUSED_VARIABLE = YES;
				IPHONEOS_DEPLOYMENT_TARGET = 13.2;
				MTL_ENABLE_DEBUG_INFO = NO;
				MTL_FAST_MATH = YES;
				SDKROOT = iphoneos;
				SWIFT_COMPILATION_MODE = wholemodule;
				SWIFT_OPTIMIZATION_LEVEL = "-O";
				VALIDATE_PRODUCT = YES;
			};
			name = Release;
		};
		421210512446D59F00ABBF80 /* Debug */ = {
			isa = XCBuildConfiguration;
			baseConfigurationReference = E270BBEAC7D31F50E98CDE5D /* Pods-flix.debug.xcconfig */;
			buildSettings = {
				ASSETCATALOG_COMPILER_APPICON_NAME = AppIcon;
				CODE_SIGN_STYLE = Automatic;
				INFOPLIST_FILE = flix/Info.plist;
				LD_RUNPATH_SEARCH_PATHS = (
					"$(inherited)",
					"@executable_path/Frameworks",
				);
				PRODUCT_BUNDLE_IDENTIFIER = ktang.flix;
				PRODUCT_NAME = "$(TARGET_NAME)";
				SWIFT_VERSION = 5.0;
				TARGETED_DEVICE_FAMILY = "1,2";
			};
			name = Debug;
		};
		421210522446D59F00ABBF80 /* Release */ = {
			isa = XCBuildConfiguration;
			baseConfigurationReference = 0E14BBC08159DACAC8991332 /* Pods-flix.release.xcconfig */;
			buildSettings = {
				ASSETCATALOG_COMPILER_APPICON_NAME = AppIcon;
				CODE_SIGN_STYLE = Automatic;
				INFOPLIST_FILE = flix/Info.plist;
				LD_RUNPATH_SEARCH_PATHS = (
					"$(inherited)",
					"@executable_path/Frameworks",
				);
				PRODUCT_BUNDLE_IDENTIFIER = ktang.flix;
				PRODUCT_NAME = "$(TARGET_NAME)";
				SWIFT_VERSION = 5.0;
				TARGETED_DEVICE_FAMILY = "1,2";
			};
			name = Release;
		};
		421210542446D59F00ABBF80 /* Debug */ = {
			isa = XCBuildConfiguration;
			baseConfigurationReference = F2F99F4DDD0750F39F23CE60 /* Pods-flixTests.debug.xcconfig */;
			buildSettings = {
				ALWAYS_EMBED_SWIFT_STANDARD_LIBRARIES = YES;
				BUNDLE_LOADER = "$(TEST_HOST)";
				CODE_SIGN_STYLE = Automatic;
				INFOPLIST_FILE = flixTests/Info.plist;
				IPHONEOS_DEPLOYMENT_TARGET = 13.2;
				LD_RUNPATH_SEARCH_PATHS = (
					"$(inherited)",
					"@executable_path/Frameworks",
					"@loader_path/Frameworks",
				);
				PRODUCT_BUNDLE_IDENTIFIER = ktang.flixTests;
				PRODUCT_NAME = "$(TARGET_NAME)";
				SWIFT_VERSION = 5.0;
				TARGETED_DEVICE_FAMILY = "1,2";
				TEST_HOST = "$(BUILT_PRODUCTS_DIR)/flix.app/flix";
			};
			name = Debug;
		};
		421210552446D59F00ABBF80 /* Release */ = {
			isa = XCBuildConfiguration;
			baseConfigurationReference = A7B1E3721CCCCE38686818F1 /* Pods-flixTests.release.xcconfig */;
			buildSettings = {
				ALWAYS_EMBED_SWIFT_STANDARD_LIBRARIES = YES;
				BUNDLE_LOADER = "$(TEST_HOST)";
				CODE_SIGN_STYLE = Automatic;
				INFOPLIST_FILE = flixTests/Info.plist;
				IPHONEOS_DEPLOYMENT_TARGET = 13.2;
				LD_RUNPATH_SEARCH_PATHS = (
					"$(inherited)",
					"@executable_path/Frameworks",
					"@loader_path/Frameworks",
				);
				PRODUCT_BUNDLE_IDENTIFIER = ktang.flixTests;
				PRODUCT_NAME = "$(TARGET_NAME)";
				SWIFT_VERSION = 5.0;
				TARGETED_DEVICE_FAMILY = "1,2";
				TEST_HOST = "$(BUILT_PRODUCTS_DIR)/flix.app/flix";
			};
			name = Release;
		};
		421210572446D59F00ABBF80 /* Debug */ = {
			isa = XCBuildConfiguration;
			baseConfigurationReference = 843A49B1B07344B178F65830 /* Pods-flix-flixUITests.debug.xcconfig */;
			buildSettings = {
				ALWAYS_EMBED_SWIFT_STANDARD_LIBRARIES = YES;
				CODE_SIGN_STYLE = Automatic;
				INFOPLIST_FILE = flixUITests/Info.plist;
				LD_RUNPATH_SEARCH_PATHS = (
					"$(inherited)",
					"@executable_path/Frameworks",
					"@loader_path/Frameworks",
				);
				PRODUCT_BUNDLE_IDENTIFIER = ktang.flixUITests;
				PRODUCT_NAME = "$(TARGET_NAME)";
				SWIFT_VERSION = 5.0;
				TARGETED_DEVICE_FAMILY = "1,2";
				TEST_TARGET_NAME = flix;
			};
			name = Debug;
		};
		421210582446D59F00ABBF80 /* Release */ = {
			isa = XCBuildConfiguration;
			baseConfigurationReference = 8EE3931E0366496E7FCB4B55 /* Pods-flix-flixUITests.release.xcconfig */;
			buildSettings = {
				ALWAYS_EMBED_SWIFT_STANDARD_LIBRARIES = YES;
				CODE_SIGN_STYLE = Automatic;
				INFOPLIST_FILE = flixUITests/Info.plist;
				LD_RUNPATH_SEARCH_PATHS = (
					"$(inherited)",
					"@executable_path/Frameworks",
					"@loader_path/Frameworks",
				);
				PRODUCT_BUNDLE_IDENTIFIER = ktang.flixUITests;
				PRODUCT_NAME = "$(TARGET_NAME)";
				SWIFT_VERSION = 5.0;
				TARGETED_DEVICE_FAMILY = "1,2";
				TEST_TARGET_NAME = flix;
			};
			name = Release;
		};
/* End XCBuildConfiguration section */

/* Begin XCConfigurationList section */
		421210212446D59E00ABBF80 /* Build configuration list for PBXProject "flix" */ = {
			isa = XCConfigurationList;
			buildConfigurations = (
				4212104E2446D59F00ABBF80 /* Debug */,
				4212104F2446D59F00ABBF80 /* Release */,
			);
			defaultConfigurationIsVisible = 0;
			defaultConfigurationName = Release;
		};
		421210502446D59F00ABBF80 /* Build configuration list for PBXNativeTarget "flix" */ = {
			isa = XCConfigurationList;
			buildConfigurations = (
				421210512446D59F00ABBF80 /* Debug */,
				421210522446D59F00ABBF80 /* Release */,
			);
			defaultConfigurationIsVisible = 0;
			defaultConfigurationName = Release;
		};
		421210532446D59F00ABBF80 /* Build configuration list for PBXNativeTarget "flixTests" */ = {
			isa = XCConfigurationList;
			buildConfigurations = (
				421210542446D59F00ABBF80 /* Debug */,
				421210552446D59F00ABBF80 /* Release */,
			);
			defaultConfigurationIsVisible = 0;
			defaultConfigurationName = Release;
		};
		421210562446D59F00ABBF80 /* Build configuration list for PBXNativeTarget "flixUITests" */ = {
			isa = XCConfigurationList;
			buildConfigurations = (
				421210572446D59F00ABBF80 /* Debug */,
				421210582446D59F00ABBF80 /* Release */,
			);
			defaultConfigurationIsVisible = 0;
			defaultConfigurationName = Release;
		};
/* End XCConfigurationList section */
	};
	rootObject = 4212101E2446D59E00ABBF80 /* Project object */;
}
